
Microsoft Visual Studio Solution File, Format Version 12.00
# Visual Studio Version 17
VisualStudioVersion = 17.0.31903.59
MinimumVisualStudioVersion = 10.0.40219.1
Project("{2150E333-8FDC-42A3-9474-1A3956D46DE8}") = "src", "src", "{B764CF4C-011E-4DCA-B227-D024BFBCB325}"
EndProject
Project("{FAE04EC0-301F-11D3-BF4B-00C04F79EFBC}") = "DemoApi", "src\DemoApi\DemoApi.csproj", "{D2EBDEE2-3EC9-4656-AD11-EDFE4F55AA25}"
EndProject
Project("{2150E333-8FDC-42A3-9474-1A3956D46DE8}") = "items", "items", "{62C778C9-41D6-4AD3-97CA-72B166D3B942}"
	ProjectSection(SolutionItems) = preProject
		.gitignore = .gitignore
	EndProjectSection
EndProject
Global
	GlobalSection(SolutionConfigurationPlatforms) = preSolution
		Debug|Any CPU = Debug|Any CPU
		Release|Any CPU = Release|Any CPU
	EndGlobalSection
	GlobalSection(SolutionProperties) = preSolution
		HideSolutionNode = FALSE
	EndGlobalSection
	GlobalSection(ProjectConfigurationPlatforms) = postSolution
		{D2EBDEE2-3EC9-4656-AD11-EDFE4F55AA25}.Debug|Any CPU.ActiveCfg = Debug|Any CPU
		{D2EBDEE2-3EC9-4656-AD11-EDFE4F55AA25}.Debug|Any CPU.Build.0 = Debug|Any CPU
		{D2EBDEE2-3EC9-4656-AD11-EDFE4F55AA25}.Release|Any CPU.ActiveCfg = Release|Any CPU
		{D2EBDEE2-3EC9-4656-AD11-EDFE4F55AA25}.Release|Any CPU.Build.0 = Release|Any CPU
	EndGlobalSection
	GlobalSection(NestedProjects) = preSolution
		{D2EBDEE2-3EC9-4656-AD11-EDFE4F55AA25} = {B764CF4C-011E-4DCA-B227-D024BFBCB325}
	EndGlobalSection
EndGlobal
